
Microsoft Visual Studio Solution File, Format Version 12.00
# Visual Studio Version 16
VisualStudioVersion = 16.0.30225.117
MinimumVisualStudioVersion = 10.0.40219.1
Project("{FAE04EC0-301F-11D3-BF4B-00C04F79EFBC}") = "wwc", "wwc\wwc.csproj", "{4541FB9C-1CFF-440F-A2A0-55E9C95AD438}"
EndProject
Global
	GlobalSection(SolutionConfigurationPlatforms) = preSolution
		Debug|Any CPU = Debug|Any CPU
		Release|Any CPU = Release|Any CPU
	EndGlobalSection
	GlobalSection(ProjectConfigurationPlatforms) = postSolution
		{4541FB9C-1CFF-440F-A2A0-55E9C95AD438}.Debug|Any CPU.ActiveCfg = Debug|Any CPU
		{4541FB9C-1CFF-440F-A2A0-55E9C95AD438}.Debug|Any CPU.Build.0 = Debug|Any CPU
		{4541FB9C-1CFF-440F-A2A0-55E9C95AD438}.Release|Any CPU.ActiveCfg = Release|Any CPU
		{4541FB9C-1CFF-440F-A2A0-55E9C95AD438}.Release|Any CPU.Build.0 = Release|Any CPU
	EndGlobalSection
	GlobalSection(SolutionProperties) = preSolution
		HideSolutionNode = FALSE
	EndGlobalSection
	GlobalSection(ExtensibilityGlobals) = postSolution
		SolutionGuid = {9DCEDA8B-536D-4FD0-A864-F8F33754E800}
	EndGlobalSection
EndGlobal
